
Microsoft Visual Studio Solution File, Format Version 11.00
# Visual Studio 2010
Project("{FAE04EC0-301F-11D3-BF4B-00C04F79EFBC}") = "GenericFileTransfer2", "GenericFileTransfer2\GenericFileTransfer2.csproj", "{74519D95-C28D-4350-ACA3-FC4E217943AD}"
EndProject
Global
	GlobalSection(SolutionConfigurationPlatforms) = preSolution
		Debug|Any CPU = Debug|Any CPU
		Release|Any CPU = Release|Any CPU
	EndGlobalSection
	GlobalSection(ProjectConfigurationPlatforms) = postSolution
		{74519D95-C28D-4350-ACA3-FC4E217943AD}.Debug|Any CPU.ActiveCfg = Debug|Any CPU
		{74519D95-C28D-4350-ACA3-FC4E217943AD}.Debug|Any CPU.Build.0 = Debug|Any CPU
		{74519D95-C28D-4350-ACA3-FC4E217943AD}.Release|Any CPU.ActiveCfg = Release|Any CPU
		{74519D95-C28D-4350-ACA3-FC4E217943AD}.Release|Any CPU.Build.0 = Release|Any CPU
	EndGlobalSection
	GlobalSection(SolutionProperties) = preSolution
		HideSolutionNode = FALSE
	EndGlobalSection
EndGlobal
